{
  "name": "npm-install-prepare-test",
  "version": "1.0.0",
  "lockfileVersion": 1,
  "requires": true,
  "dependencies": {
    "npm-install-prepare-test-dep": {
      "version": "github:derrickreimer/npm-install-prepare-test-dep#f4ed7cae22d6d936f2daafc1cf26b165d90503aa",
      "from": "github:derrickreimer/npm-install-prepare-test-dep"
    }
  }
}
